// !$*UTF8*$!
{
	archiveVersion = 1;
	classes = {
	};
	objectVersion = 55;
	objects = {

/* Begin PBXBuildFile section */
		3724054A28C008A100925A40 /* CastCell.swift in Sources */ = {isa = PBXBuildFile; fileRef = 3724054928C008A100925A40 /* CastCell.swift */; };
		37A773EB28BE79F20060BFFB /* InfoScreenViewController.swift in Sources */ = {isa = PBXBuildFile; fileRef = 37A773EA28BE79F20060BFFB /* InfoScreenViewController.swift */; };
		914580D228BE1733008A6CC3 /* NetworkManager.swift in Sources */ = {isa = PBXBuildFile; fileRef = 914580D128BE1733008A6CC3 /* NetworkManager.swift */; };
		E77FA07F28BC0D37008835C9 /* AppDelegate.swift in Sources */ = {isa = PBXBuildFile; fileRef = E77FA07E28BC0D37008835C9 /* AppDelegate.swift */; };
		E77FA08128BC0D37008835C9 /* SceneDelegate.swift in Sources */ = {isa = PBXBuildFile; fileRef = E77FA08028BC0D37008835C9 /* SceneDelegate.swift */; };
		E77FA08328BC0D37008835C9 /* ViewController.swift in Sources */ = {isa = PBXBuildFile; fileRef = E77FA08228BC0D37008835C9 /* ViewController.swift */; };
		E77FA08628BC0D37008835C9 /* Main.storyboard in Resources */ = {isa = PBXBuildFile; fileRef = E77FA08428BC0D37008835C9 /* Main.storyboard */; };
		E77FA08828BC0D3A008835C9 /* Assets.xcassets in Resources */ = {isa = PBXBuildFile; fileRef = E77FA08728BC0D3A008835C9 /* Assets.xcassets */; };
		E77FA08B28BC0D3A008835C9 /* LaunchScreen.storyboard in Resources */ = {isa = PBXBuildFile; fileRef = E77FA08928BC0D3A008835C9 /* LaunchScreen.storyboard */; };
		E7E34F1328BD726C00616FBB /* URLManager.swift in Sources */ = {isa = PBXBuildFile; fileRef = E7E34F1228BD726C00616FBB /* URLManager.swift */; };
		E7E34F1628BE31F900616FBB /* ShowRepresentable.swift in Sources */ = {isa = PBXBuildFile; fileRef = E7E34F1528BE31F900616FBB /* ShowRepresentable.swift */; };
		F604EF3428BD3A4C00490D28 /* TVSeries.swift in Sources */ = {isa = PBXBuildFile; fileRef = F604EF3328BD3A4C00490D28 /* TVSeries.swift */; };
		F604EF3628BD3AAD00490D28 /* Movie.swift in Sources */ = {isa = PBXBuildFile; fileRef = F604EF3528BD3AAD00490D28 /* Movie.swift */; };
		F604EF3828BD46F300490D28 /* Cast.swift in Sources */ = {isa = PBXBuildFile; fileRef = F604EF3728BD46F300490D28 /* Cast.swift */; };
		F604EF3A28BD512E00490D28 /* MovieInfo.swift in Sources */ = {isa = PBXBuildFile; fileRef = F604EF3928BD512E00490D28 /* MovieInfo.swift */; };
		F604EF3C28BD550400490D28 /* TVSeriesInfo.swift in Sources */ = {isa = PBXBuildFile; fileRef = F604EF3B28BD550400490D28 /* TVSeriesInfo.swift */; };
		F604EF3E28BD564900490D28 /* Genre.swift in Sources */ = {isa = PBXBuildFile; fileRef = F604EF3D28BD564900490D28 /* Genre.swift */; };
/* End PBXBuildFile section */

/* Begin PBXFileReference section */
		3724054928C008A100925A40 /* CastCell.swift */ = {isa = PBXFileReference; lastKnownFileType = sourcecode.swift; path = CastCell.swift; sourceTree = "<group>"; };
		37A773EA28BE79F20060BFFB /* InfoScreenViewController.swift */ = {isa = PBXFileReference; lastKnownFileType = sourcecode.swift; path = InfoScreenViewController.swift; sourceTree = "<group>"; };
		914580D128BE1733008A6CC3 /* NetworkManager.swift */ = {isa = PBXFileReference; lastKnownFileType = sourcecode.swift; path = NetworkManager.swift; sourceTree = "<group>"; };
		E77FA07B28BC0D37008835C9 /* TGMovve.app */ = {isa = PBXFileReference; explicitFileType = wrapper.application; includeInIndex = 0; path = TGMovve.app; sourceTree = BUILT_PRODUCTS_DIR; };
		E77FA07E28BC0D37008835C9 /* AppDelegate.swift */ = {isa = PBXFileReference; lastKnownFileType = sourcecode.swift; path = AppDelegate.swift; sourceTree = "<group>"; };
		E77FA08028BC0D37008835C9 /* SceneDelegate.swift */ = {isa = PBXFileReference; lastKnownFileType = sourcecode.swift; path = SceneDelegate.swift; sourceTree = "<group>"; };
		E77FA08228BC0D37008835C9 /* ViewController.swift */ = {isa = PBXFileReference; lastKnownFileType = sourcecode.swift; path = ViewController.swift; sourceTree = "<group>"; };
		E77FA08528BC0D37008835C9 /* Base */ = {isa = PBXFileReference; lastKnownFileType = file.storyboard; name = Base; path = Base.lproj/Main.storyboard; sourceTree = "<group>"; };
		E77FA08728BC0D3A008835C9 /* Assets.xcassets */ = {isa = PBXFileReference; lastKnownFileType = folder.assetcatalog; path = Assets.xcassets; sourceTree = "<group>"; };
		E77FA08A28BC0D3A008835C9 /* Base */ = {isa = PBXFileReference; lastKnownFileType = file.storyboard; name = Base; path = Base.lproj/LaunchScreen.storyboard; sourceTree = "<group>"; };
		E77FA08C28BC0D3A008835C9 /* Info.plist */ = {isa = PBXFileReference; lastKnownFileType = text.plist.xml; path = Info.plist; sourceTree = "<group>"; };
		E7E34F1228BD726C00616FBB /* URLManager.swift */ = {isa = PBXFileReference; lastKnownFileType = sourcecode.swift; path = URLManager.swift; sourceTree = "<group>"; };
		E7E34F1528BE31F900616FBB /* ShowRepresentable.swift */ = {isa = PBXFileReference; lastKnownFileType = sourcecode.swift; path = ShowRepresentable.swift; sourceTree = "<group>"; };
		F604EF3328BD3A4C00490D28 /* TVSeries.swift */ = {isa = PBXFileReference; lastKnownFileType = sourcecode.swift; path = TVSeries.swift; sourceTree = "<group>"; };
		F604EF3528BD3AAD00490D28 /* Movie.swift */ = {isa = PBXFileReference; lastKnownFileType = sourcecode.swift; path = Movie.swift; sourceTree = "<group>"; };
		F604EF3728BD46F300490D28 /* Cast.swift */ = {isa = PBXFileReference; lastKnownFileType = sourcecode.swift; path = Cast.swift; sourceTree = "<group>"; };
		F604EF3928BD512E00490D28 /* MovieInfo.swift */ = {isa = PBXFileReference; lastKnownFileType = sourcecode.swift; path = MovieInfo.swift; sourceTree = "<group>"; };
		F604EF3B28BD550400490D28 /* TVSeriesInfo.swift */ = {isa = PBXFileReference; lastKnownFileType = sourcecode.swift; path = TVSeriesInfo.swift; sourceTree = "<group>"; };
		F604EF3D28BD564900490D28 /* Genre.swift */ = {isa = PBXFileReference; lastKnownFileType = sourcecode.swift; path = Genre.swift; sourceTree = "<group>"; };
/* End PBXFileReference section */

/* Begin PBXFrameworksBuildPhase section */
		E77FA07828BC0D37008835C9 /* Frameworks */ = {
			isa = PBXFrameworksBuildPhase;
			buildActionMask = 2147483647;
			files = (
			);
			runOnlyForDeploymentPostprocessing = 0;
		};
/* End PBXFrameworksBuildPhase section */

/* Begin PBXGroup section */
		E77FA07228BC0D37008835C9 = {
			isa = PBXGroup;
			children = (
				3724054928C008A100925A40 /* CastCell.swift */,
				E77FA07D28BC0D37008835C9 /* TGMovve */,
				E77FA07C28BC0D37008835C9 /* Products */,
			);
			sourceTree = "<group>";
		};
		E77FA07C28BC0D37008835C9 /* Products */ = {
			isa = PBXGroup;
			children = (
				E77FA07B28BC0D37008835C9 /* TGMovve.app */,
			);
			name = Products;
			sourceTree = "<group>";
		};
		E77FA07D28BC0D37008835C9 /* TGMovve */ = {
			isa = PBXGroup;
			children = (
				E77FA09628BC10B8008835C9 /* SupportingFiles */,
				E7E34F1428BD727100616FBB /* Managers */,
				F604EF3228BD39E800490D28 /* Models */,
				E77FA09528BC10A9008835C9 /* Controllers */,
				E77FA09428BC109D008835C9 /* Views */,
				E77FA09728BC10F5008835C9 /* Resources */,
			);
			path = TGMovve;
			sourceTree = "<group>";
		};
		E77FA09428BC109D008835C9 /* Views */ = {
			isa = PBXGroup;
			children = (
				E77FA08428BC0D37008835C9 /* Main.storyboard */,
				E77FA08928BC0D3A008835C9 /* LaunchScreen.storyboard */,
			);
			path = Views;
			sourceTree = "<group>";
		};
		E77FA09528BC10A9008835C9 /* Controllers */ = {
			isa = PBXGroup;
			children = (
				E77FA08228BC0D37008835C9 /* ViewController.swift */,
				37A773EA28BE79F20060BFFB /* InfoScreenViewController.swift */,
			);
			path = Controllers;
			sourceTree = "<group>";
		};
		E77FA09628BC10B8008835C9 /* SupportingFiles */ = {
			isa = PBXGroup;
			children = (
				E77FA07E28BC0D37008835C9 /* AppDelegate.swift */,
				E77FA08028BC0D37008835C9 /* SceneDelegate.swift */,
				E77FA08C28BC0D3A008835C9 /* Info.plist */,
			);
			path = SupportingFiles;
			sourceTree = "<group>";
		};
		E77FA09728BC10F5008835C9 /* Resources */ = {
			isa = PBXGroup;
			children = (
				E77FA08728BC0D3A008835C9 /* Assets.xcassets */,
			);
			path = Resources;
			sourceTree = "<group>";
		};
		E7E34F1428BD727100616FBB /* Managers */ = {
			isa = PBXGroup;
			children = (
				E7E34F1228BD726C00616FBB /* URLManager.swift */,
				914580D128BE1733008A6CC3 /* NetworkManager.swift */,
			);
			path = Managers;
			sourceTree = "<group>";
		};
		F604EF3228BD39E800490D28 /* Models */ = {
			isa = PBXGroup;
			children = (
				F604EF3328BD3A4C00490D28 /* TVSeries.swift */,
				F604EF3528BD3AAD00490D28 /* Movie.swift */,
				F604EF3728BD46F300490D28 /* Cast.swift */,
				F604EF3928BD512E00490D28 /* MovieInfo.swift */,
				F604EF3B28BD550400490D28 /* TVSeriesInfo.swift */,
				F604EF3D28BD564900490D28 /* Genre.swift */,
				E7E34F1528BE31F900616FBB /* ShowRepresentable.swift */,
			);
			path = Models;
			sourceTree = "<group>";
		};
/* End PBXGroup section */

/* Begin PBXNativeTarget section */
		E77FA07A28BC0D37008835C9 /* TGMovve */ = {
			isa = PBXNativeTarget;
			buildConfigurationList = E77FA08F28BC0D3A008835C9 /* Build configuration list for PBXNativeTarget "TGMovve" */;
			buildPhases = (
				E77FA07728BC0D37008835C9 /* Sources */,
				E77FA07828BC0D37008835C9 /* Frameworks */,
				E77FA07928BC0D37008835C9 /* Resources */,
			);
			buildRules = (
			);
			dependencies = (
			);
			name = TGMovve;
			productName = TGMovve;
			productReference = E77FA07B28BC0D37008835C9 /* TGMovve.app */;
			productType = "com.apple.product-type.application";
		};
/* End PBXNativeTarget section */

/* Begin PBXProject section */
		E77FA07328BC0D37008835C9 /* Project object */ = {
			isa = PBXProject;
			attributes = {
				BuildIndependentTargetsInParallel = 1;
				LastSwiftUpdateCheck = 1340;
				LastUpgradeCheck = 1340;
				TargetAttributes = {
					E77FA07A28BC0D37008835C9 = {
						CreatedOnToolsVersion = 13.4.1;
					};
				};
			};
			buildConfigurationList = E77FA07628BC0D37008835C9 /* Build configuration list for PBXProject "TGMovve" */;
			compatibilityVersion = "Xcode 13.0";
			developmentRegion = en;
			hasScannedForEncodings = 0;
			knownRegions = (
				en,
				Base,
			);
			mainGroup = E77FA07228BC0D37008835C9;
			productRefGroup = E77FA07C28BC0D37008835C9 /* Products */;
			projectDirPath = "";
			projectRoot = "";
			targets = (
				E77FA07A28BC0D37008835C9 /* TGMovve */,
			);
		};
/* End PBXProject section */

/* Begin PBXResourcesBuildPhase section */
		E77FA07928BC0D37008835C9 /* Resources */ = {
			isa = PBXResourcesBuildPhase;
			buildActionMask = 2147483647;
			files = (
				E77FA08B28BC0D3A008835C9 /* LaunchScreen.storyboard in Resources */,
				E77FA08828BC0D3A008835C9 /* Assets.xcassets in Resources */,
				E77FA08628BC0D37008835C9 /* Main.storyboard in Resources */,
			);
			runOnlyForDeploymentPostprocessing = 0;
		};
/* End PBXResourcesBuildPhase section */

/* Begin PBXSourcesBuildPhase section */
		E77FA07728BC0D37008835C9 /* Sources */ = {
			isa = PBXSourcesBuildPhase;
			buildActionMask = 2147483647;
			files = (
				F604EF3E28BD564900490D28 /* Genre.swift in Sources */,
				F604EF3A28BD512E00490D28 /* MovieInfo.swift in Sources */,
				F604EF3628BD3AAD00490D28 /* Movie.swift in Sources */,
				E7E34F1628BE31F900616FBB /* ShowRepresentable.swift in Sources */,
				E7E34F1328BD726C00616FBB /* URLManager.swift in Sources */,
				914580D228BE1733008A6CC3 /* NetworkManager.swift in Sources */,
				3724054A28C008A100925A40 /* CastCell.swift in Sources */,
				E77FA08328BC0D37008835C9 /* ViewController.swift in Sources */,
				F604EF3428BD3A4C00490D28 /* TVSeries.swift in Sources */,
				E77FA07F28BC0D37008835C9 /* AppDelegate.swift in Sources */,
				F604EF3828BD46F300490D28 /* Cast.swift in Sources */,
				F604EF3C28BD550400490D28 /* TVSeriesInfo.swift in Sources */,
				E77FA08128BC0D37008835C9 /* SceneDelegate.swift in Sources */,
				37A773EB28BE79F20060BFFB /* InfoScreenViewController.swift in Sources */,
			);
			runOnlyForDeploymentPostprocessing = 0;
		};
/* End PBXSourcesBuildPhase section */

/* Begin PBXVariantGroup section */
		E77FA08428BC0D37008835C9 /* Main.storyboard */ = {
			isa = PBXVariantGroup;
			children = (
				E77FA08528BC0D37008835C9 /* Base */,
			);
			name = Main.storyboard;
			sourceTree = "<group>";
		};
		E77FA08928BC0D3A008835C9 /* LaunchScreen.storyboard */ = {
			isa = PBXVariantGroup;
			children = (
				E77FA08A28BC0D3A008835C9 /* Base */,
			);
			name = LaunchScreen.storyboard;
			sourceTree = "<group>";
		};
/* End PBXVariantGroup section */

/* Begin XCBuildConfiguration section */
		E77FA08D28BC0D3A008835C9 /* Debug */ = {
			isa = XCBuildConfiguration;
			buildSettings = {
				ALWAYS_SEARCH_USER_PATHS = NO;
				CLANG_ANALYZER_NONNULL = YES;
				CLANG_ANALYZER_NUMBER_OBJECT_CONVERSION = YES_AGGRESSIVE;
				CLANG_CXX_LANGUAGE_STANDARD = "gnu++17";
				CLANG_ENABLE_MODULES = YES;
				CLANG_ENABLE_OBJC_ARC = YES;
				CLANG_ENABLE_OBJC_WEAK = YES;
				CLANG_WARN_BLOCK_CAPTURE_AUTORELEASING = YES;
				CLANG_WARN_BOOL_CONVERSION = YES;
				CLANG_WARN_COMMA = YES;
				CLANG_WARN_CONSTANT_CONVERSION = YES;
				CLANG_WARN_DEPRECATED_OBJC_IMPLEMENTATIONS = YES;
				CLANG_WARN_DIRECT_OBJC_ISA_USAGE = YES_ERROR;
				CLANG_WARN_DOCUMENTATION_COMMENTS = YES;
				CLANG_WARN_EMPTY_BODY = YES;
				CLANG_WARN_ENUM_CONVERSION = YES;
				CLANG_WARN_INFINITE_RECURSION = YES;
				CLANG_WARN_INT_CONVERSION = YES;
				CLANG_WARN_NON_LITERAL_NULL_CONVERSION = YES;
				CLANG_WARN_OBJC_IMPLICIT_RETAIN_SELF = YES;
				CLANG_WARN_OBJC_LITERAL_CONVERSION = YES;
				CLANG_WARN_OBJC_ROOT_CLASS = YES_ERROR;
				CLANG_WARN_QUOTED_INCLUDE_IN_FRAMEWORK_HEADER = YES;
				CLANG_WARN_RANGE_LOOP_ANALYSIS = YES;
				CLANG_WARN_STRICT_PROTOTYPES = YES;
				CLANG_WARN_SUSPICIOUS_MOVE = YES;
				CLANG_WARN_UNGUARDED_AVAILABILITY = YES_AGGRESSIVE;
				CLANG_WARN_UNREACHABLE_CODE = YES;
				CLANG_WARN__DUPLICATE_METHOD_MATCH = YES;
				COPY_PHASE_STRIP = NO;
				DEBUG_INFORMATION_FORMAT = dwarf;
				ENABLE_STRICT_OBJC_MSGSEND = YES;
				ENABLE_TESTABILITY = YES;
				GCC_C_LANGUAGE_STANDARD = gnu11;
				GCC_DYNAMIC_NO_PIC = NO;
				GCC_NO_COMMON_BLOCKS = YES;
				GCC_OPTIMIZATION_LEVEL = 0;
				GCC_PREPROCESSOR_DEFINITIONS = (
					"DEBUG=1",
					"$(inherited)",
				);
				GCC_WARN_64_TO_32_BIT_CONVERSION = YES;
				GCC_WARN_ABOUT_RETURN_TYPE = YES_ERROR;
				GCC_WARN_UNDECLARED_SELECTOR = YES;
				GCC_WARN_UNINITIALIZED_AUTOS = YES_AGGRESSIVE;
				GCC_WARN_UNUSED_FUNCTION = YES;
				GCC_WARN_UNUSED_VARIABLE = YES;
				IPHONEOS_DEPLOYMENT_TARGET = 13.0;
				MTL_ENABLE_DEBUG_INFO = INCLUDE_SOURCE;
				MTL_FAST_MATH = YES;
				ONLY_ACTIVE_ARCH = YES;
				SDKROOT = iphoneos;
				SWIFT_ACTIVE_COMPILATION_CONDITIONS = DEBUG;
				SWIFT_OPTIMIZATION_LEVEL = "-Onone";
			};
			name = Debug;
		};
		E77FA08E28BC0D3A008835C9 /* Release */ = {
			isa = XCBuildConfiguration;
			buildSettings = {
				ALWAYS_SEARCH_USER_PATHS = NO;
				CLANG_ANALYZER_NONNULL = YES;
				CLANG_ANALYZER_NUMBER_OBJECT_CONVERSION = YES_AGGRESSIVE;
				CLANG_CXX_LANGUAGE_STANDARD = "gnu++17";
				CLANG_ENABLE_MODULES = YES;
				CLANG_ENABLE_OBJC_ARC = YES;
				CLANG_ENABLE_OBJC_WEAK = YES;
				CLANG_WARN_BLOCK_CAPTURE_AUTORELEASING = YES;
				CLANG_WARN_BOOL_CONVERSION = YES;
				CLANG_WARN_COMMA = YES;
				CLANG_WARN_CONSTANT_CONVERSION = YES;
				CLANG_WARN_DEPRECATED_OBJC_IMPLEMENTATIONS = YES;
				CLANG_WARN_DIRECT_OBJC_ISA_USAGE = YES_ERROR;
				CLANG_WARN_DOCUMENTATION_COMMENTS = YES;
				CLANG_WARN_EMPTY_BODY = YES;
				CLANG_WARN_ENUM_CONVERSION = YES;
				CLANG_WARN_INFINITE_RECURSION = YES;
				CLANG_WARN_INT_CONVERSION = YES;
				CLANG_WARN_NON_LITERAL_NULL_CONVERSION = YES;
				CLANG_WARN_OBJC_IMPLICIT_RETAIN_SELF = YES;
				CLANG_WARN_OBJC_LITERAL_CONVERSION = YES;
				CLANG_WARN_OBJC_ROOT_CLASS = YES_ERROR;
				CLANG_WARN_QUOTED_INCLUDE_IN_FRAMEWORK_HEADER = YES;
				CLANG_WARN_RANGE_LOOP_ANALYSIS = YES;
				CLANG_WARN_STRICT_PROTOTYPES = YES;
				CLANG_WARN_SUSPICIOUS_MOVE = YES;
				CLANG_WARN_UNGUARDED_AVAILABILITY = YES_AGGRESSIVE;
				CLANG_WARN_UNREACHABLE_CODE = YES;
				CLANG_WARN__DUPLICATE_METHOD_MATCH = YES;
				COPY_PHASE_STRIP = NO;
				DEBUG_INFORMATION_FORMAT = "dwarf-with-dsym";
				ENABLE_NS_ASSERTIONS = NO;
				ENABLE_STRICT_OBJC_MSGSEND = YES;
				GCC_C_LANGUAGE_STANDARD = gnu11;
				GCC_NO_COMMON_BLOCKS = YES;
				GCC_WARN_64_TO_32_BIT_CONVERSION = YES;
				GCC_WARN_ABOUT_RETURN_TYPE = YES_ERROR;
				GCC_WARN_UNDECLARED_SELECTOR = YES;
				GCC_WARN_UNINITIALIZED_AUTOS = YES_AGGRESSIVE;
				GCC_WARN_UNUSED_FUNCTION = YES;
				GCC_WARN_UNUSED_VARIABLE = YES;
				IPHONEOS_DEPLOYMENT_TARGET = 13.0;
				MTL_ENABLE_DEBUG_INFO = NO;
				MTL_FAST_MATH = YES;
				SDKROOT = iphoneos;
				SWIFT_COMPILATION_MODE = wholemodule;
				SWIFT_OPTIMIZATION_LEVEL = "-O";
				VALIDATE_PRODUCT = YES;
			};
			name = Release;
		};
		E77FA09028BC0D3A008835C9 /* Debug */ = {
			isa = XCBuildConfiguration;
			buildSettings = {
				ASSETCATALOG_COMPILER_APPICON_NAME = AppIcon;
				ASSETCATALOG_COMPILER_GLOBAL_ACCENT_COLOR_NAME = AccentColor;
				CODE_SIGN_STYLE = Automatic;
				CURRENT_PROJECT_VERSION = 1;
				DEVELOPMENT_TEAM = ZG8HC24927;
				GENERATE_INFOPLIST_FILE = YES;
				INFOPLIST_FILE = TGMovve/SupportingFiles/Info.plist;
				INFOPLIST_KEY_UIApplicationSupportsIndirectInputEvents = YES;
				INFOPLIST_KEY_UILaunchStoryboardName = LaunchScreen;
				INFOPLIST_KEY_UIMainStoryboardFile = Main;
				INFOPLIST_KEY_UISupportedInterfaceOrientations = UIInterfaceOrientationPortrait;
				INFOPLIST_KEY_UISupportedInterfaceOrientations_iPad = UIInterfaceOrientationPortrait;
				INFOPLIST_KEY_UISupportedInterfaceOrientations_iPhone = UIInterfaceOrientationPortrait;
				LD_RUNPATH_SEARCH_PATHS = (
					"$(inherited)",
					"@executable_path/Frameworks",
				);
				MARKETING_VERSION = 1.0;
				PRODUCT_BUNDLE_IDENTIFIER = ru.suslovaleksey.TGMovve;
				PRODUCT_NAME = "$(TARGET_NAME)";
				SWIFT_EMIT_LOC_STRINGS = YES;
				SWIFT_VERSION = 5.0;
				TARGETED_DEVICE_FAMILY = 1;
			};
			name = Debug;
		};
		E77FA09128BC0D3A008835C9 /* Release */ = {
			isa = XCBuildConfiguration;
			buildSettings = {
				ASSETCATALOG_COMPILER_APPICON_NAME = AppIcon;
				ASSETCATALOG_COMPILER_GLOBAL_ACCENT_COLOR_NAME = AccentColor;
				CODE_SIGN_STYLE = Automatic;
				CURRENT_PROJECT_VERSION = 1;
				DEVELOPMENT_TEAM = ZG8HC24927;
				GENERATE_INFOPLIST_FILE = YES;
				INFOPLIST_FILE = TGMovve/SupportingFiles/Info.plist;
				INFOPLIST_KEY_UIApplicationSupportsIndirectInputEvents = YES;
				INFOPLIST_KEY_UILaunchStoryboardName = LaunchScreen;
				INFOPLIST_KEY_UIMainStoryboardFile = Main;
				INFOPLIST_KEY_UISupportedInterfaceOrientations = UIInterfaceOrientationPortrait;
				INFOPLIST_KEY_UISupportedInterfaceOrientations_iPad = UIInterfaceOrientationPortrait;
				INFOPLIST_KEY_UISupportedInterfaceOrientations_iPhone = UIInterfaceOrientationPortrait;
				LD_RUNPATH_SEARCH_PATHS = (
					"$(inherited)",
					"@executable_path/Frameworks",
				);
				MARKETING_VERSION = 1.0;
				PRODUCT_BUNDLE_IDENTIFIER = ru.suslovaleksey.TGMovve;
				PRODUCT_NAME = "$(TARGET_NAME)";
				SWIFT_EMIT_LOC_STRINGS = YES;
				SWIFT_VERSION = 5.0;
				TARGETED_DEVICE_FAMILY = 1;
			};
			name = Release;
		};
/* End XCBuildConfiguration section */

/* Begin XCConfigurationList section */
		E77FA07628BC0D37008835C9 /* Build configuration list for PBXProject "TGMovve" */ = {
			isa = XCConfigurationList;
			buildConfigurations = (
				E77FA08D28BC0D3A008835C9 /* Debug */,
				E77FA08E28BC0D3A008835C9 /* Release */,
			);
			defaultConfigurationIsVisible = 0;
			defaultConfigurationName = Release;
		};
		E77FA08F28BC0D3A008835C9 /* Build configuration list for PBXNativeTarget "TGMovve" */ = {
			isa = XCConfigurationList;
			buildConfigurations = (
				E77FA09028BC0D3A008835C9 /* Debug */,
				E77FA09128BC0D3A008835C9 /* Release */,
			);
			defaultConfigurationIsVisible = 0;
			defaultConfigurationName = Release;
		};
/* End XCConfigurationList section */
	};
	rootObject = E77FA07328BC0D37008835C9 /* Project object */;
}
